{
  "version": 4,
  "terraform_version": "1.1.2",
  "serial": 2,
  "lineage": "56648ef2-24e1-7227-d1ba-8b486de83599",
  "outputs": {
    "ec-PrivateIP": {
      "value": "172.31.38.221",
      "type": "string"
    },
    "ec2-IP-address": {
      "value": "3.108.185.203",
      "type": "string"
    },
    "ec2-id": {
      "value": "i-0902cf3a47bf83a78",
      "type": "string"
    }
  },
  "resources": [
    {
      "mode": "managed",
      "type": "aws_instance",
      "name": "myinstance",
      "provider": "provider[\"registry.terraform.io/hashicorp/aws\"]",
      "instances": [
        {
          "schema_version": 1,
          "attributes": {
            "ami": "ami-052cef05d01020f1d",
            "arn": "arn:aws:ec2:ap-south-1:359841706142:instance/i-0902cf3a47bf83a78",
            "associate_public_ip_address": true,
            "availability_zone": "ap-south-1a",
            "capacity_reservation_specification": [
              {
                "capacity_reservation_preference": "open",
                "capacity_reservation_target": []
              }
            ],
            "cpu_core_count": 1,
            "cpu_threads_per_core": 1,
            "credit_specification": [
              {
                "cpu_credits": "standard"
              }
            ],
            "disable_api_termination": false,
            "ebs_block_device": [],
            "ebs_optimized": false,
            "enclave_options": [
              {
                "enabled": false
              }
            ],
            "ephemeral_block_device": [],
            "get_password_data": false,
            "hibernation": false,
            "host_id": null,
            "iam_instance_profile": "",
            "id": "i-0902cf3a47bf83a78",
            "instance_initiated_shutdown_behavior": "stop",
            "instance_state": "running",
            "instance_type": "t2.micro",
            "ipv6_address_count": 0,
            "ipv6_addresses": [],
            "key_name": "",
            "launch_template": [],
            "metadata_options": [
              {
                "http_endpoint": "enabled",
                "http_put_response_hop_limit": 1,
                "http_tokens": "optional",
                "instance_metadata_tags": "disabled"
              }
            ],
            "monitoring": false,
            "network_interface": [],
            "outpost_arn": "",
            "password_data": "",
            "placement_group": "",
            "placement_partition_number": null,
            "primary_network_interface_id": "eni-0156ce5e46fd0b50c",
            "private_dns": "ip-172-31-38-221.ap-south-1.compute.internal",
            "private_ip": "172.31.38.221",
            "public_dns": "ec2-3-108-185-203.ap-south-1.compute.amazonaws.com",
            "public_ip": "3.108.185.203",
            "root_block_device": [
              {
                "delete_on_termination": true,
                "device_name": "/dev/xvda",
                "encrypted": false,
                "iops": 100,
                "kms_key_id": "",
                "tags": {},
                "throughput": 0,
                "volume_id": "vol-0a8e050bb0ad1f4e7",
                "volume_size": 8,
                "volume_type": "gp2"
              }
            ],
            "secondary_private_ips": [],
            "security_groups": [
              "default"
            ],
            "source_dest_check": true,
            "subnet_id": "subnet-79daf611",
            "tags": {
              "env": "production",
              "myapp": "webmicro"
            },
            "tags_all": {
              "env": "production",
              "myapp": "webmicro"
            },
            "tenancy": "default",
            "timeouts": null,
            "user_data": "9db4b191120b24f7272b8383cea41e1cc7d5af01",
            "user_data_base64": null,
            "volume_tags": null,
            "vpc_security_group_ids": [
              "sg-8c124ce2"
            ]
          },
          "sensitive_attributes": [],
          "private": "eyJlMmJmYjczMC1lY2FhLTExZTYtOGY4OC0zNDM2M2JjN2M0YzAiOnsiY3JlYXRlIjo2MDAwMDAwMDAwMDAsImRlbGV0ZSI6MTIwMDAwMDAwMDAwMCwidXBkYXRlIjo2MDAwMDAwMDAwMDB9LCJzY2hlbWFfdmVyc2lvbiI6IjEifQ=="
        }
      ]
    }
  ]
}
